
Microsoft Visual Studio Solution File, Format Version 12.00
# Visual Studio 15
VisualStudioVersion = 15.0.28307.645
MinimumVisualStudioVersion = 10.0.40219.1
Project("{FAE04EC0-301F-11D3-BF4B-00C04F79EFBC}") = "Localization", "Localization\Localization.csproj", "{158773DB-517E-4A92-88AC-8C7361EA6912}"
EndProject
Global
	GlobalSection(SolutionConfigurationPlatforms) = preSolution
		Debug|ARM = Debug|ARM
		Debug|ARM64 = Debug|ARM64
		Debug|x64 = Debug|x64
		Debug|x86 = Debug|x86
		Release|ARM = Release|ARM
		Release|ARM64 = Release|ARM64
		Release|x64 = Release|x64
		Release|x86 = Release|x86
	EndGlobalSection
	GlobalSection(ProjectConfigurationPlatforms) = postSolution
		{158773DB-517E-4A92-88AC-8C7361EA6912}.Debug|ARM.ActiveCfg = Debug|ARM
		{158773DB-517E-4A92-88AC-8C7361EA6912}.Debug|ARM.Build.0 = Debug|ARM
		{158773DB-517E-4A92-88AC-8C7361EA6912}.Debug|ARM.Deploy.0 = Debug|ARM
		{158773DB-517E-4A92-88AC-8C7361EA6912}.Debug|ARM64.ActiveCfg = Debug|ARM64
		{158773DB-517E-4A92-88AC-8C7361EA6912}.Debug|ARM64.Build.0 = Debug|ARM64
		{158773DB-517E-4A92-88AC-8C7361EA6912}.Debug|ARM64.Deploy.0 = Debug|ARM64
		{158773DB-517E-4A92-88AC-8C7361EA6912}.Debug|x64.ActiveCfg = Debug|x64
		{158773DB-517E-4A92-88AC-8C7361EA6912}.Debug|x64.Build.0 = Debug|x64
		{158773DB-517E-4A92-88AC-8C7361EA6912}.Debug|x64.Deploy.0 = Debug|x64
		{158773DB-517E-4A92-88AC-8C7361EA6912}.Debug|x86.ActiveCfg = Debug|x86
		{158773DB-517E-4A92-88AC-8C7361EA6912}.Debug|x86.Build.0 = Debug|x86
		{158773DB-517E-4A92-88AC-8C7361EA6912}.Debug|x86.Deploy.0 = Debug|x86
		{158773DB-517E-4A92-88AC-8C7361EA6912}.Release|ARM.ActiveCfg = Release|ARM
		{158773DB-517E-4A92-88AC-8C7361EA6912}.Release|ARM.Build.0 = Release|ARM
		{158773DB-517E-4A92-88AC-8C7361EA6912}.Release|ARM.Deploy.0 = Release|ARM
		{158773DB-517E-4A92-88AC-8C7361EA6912}.Release|ARM64.ActiveCfg = Release|ARM64
		{158773DB-517E-4A92-88AC-8C7361EA6912}.Release|ARM64.Build.0 = Release|ARM64
		{158773DB-517E-4A92-88AC-8C7361EA6912}.Release|ARM64.Deploy.0 = Release|ARM64
		{158773DB-517E-4A92-88AC-8C7361EA6912}.Release|x64.ActiveCfg = Release|x64
		{158773DB-517E-4A92-88AC-8C7361EA6912}.Release|x64.Build.0 = Release|x64
		{158773DB-517E-4A92-88AC-8C7361EA6912}.Release|x64.Deploy.0 = Release|x64
		{158773DB-517E-4A92-88AC-8C7361EA6912}.Release|x86.ActiveCfg = Release|x86
		{158773DB-517E-4A92-88AC-8C7361EA6912}.Release|x86.Build.0 = Release|x86
		{158773DB-517E-4A92-88AC-8C7361EA6912}.Release|x86.Deploy.0 = Release|x86
	EndGlobalSection
	GlobalSection(SolutionProperties) = preSolution
		HideSolutionNode = FALSE
	EndGlobalSection
	GlobalSection(ExtensibilityGlobals) = postSolution
		SolutionGuid = {E51DA14A-E545-4A3D-A1B4-E7F5452000CF}
	EndGlobalSection
EndGlobal
